// !$*UTF8*$!
{
	archiveVersion = 1;
	classes = {
	};
	objectVersion = 77;
	objects = {

/* Begin PBXBuildFile section */
		6032A88748B1612CAD7D7C2D /* WebShellView.swift in Sources */ = {isa = PBXBuildFile; fileRef = 076F8D3E639044F8EF633FE0 /* WebShellView.swift */; };
		8AD8B796A20D322DA4B838AE /* PrivacyInfo.xcprivacy in Resources */ = {isa = PBXBuildFile; fileRef = ED51C62E523B2BF517D1DB5C /* PrivacyInfo.xcprivacy */; };
		E3CD4D3BB21B757D4F6616EA /* SportsMRIAcademyApp.swift in Sources */ = {isa = PBXBuildFile; fileRef = 3156D273EB47593D52E37E73 /* SportsMRIAcademyApp.swift */; };
		FA5C567A26F8B79F8B0A3B00 /* Assets.xcassets in Resources */ = {isa = PBXBuildFile; fileRef = D70081043F98CD4761AB47D0 /* Assets.xcassets */; };
/* End PBXBuildFile section */

/* Begin PBXFileReference section */
		076F8D3E639044F8EF633FE0 /* WebShellView.swift */ = {isa = PBXFileReference; lastKnownFileType = sourcecode.swift; path = WebShellView.swift; sourceTree = "<group>"; };
		0D3AB3DC20EA16461ECF07B4 /* Info.plist */ = {isa = PBXFileReference; lastKnownFileType = text.plist; path = Info.plist; sourceTree = "<group>"; };
		3156D273EB47593D52E37E73 /* SportsMRIAcademyApp.swift */ = {isa = PBXFileReference; lastKnownFileType = sourcecode.swift; path = SportsMRIAcademyApp.swift; sourceTree = "<group>"; };
		8955824E060FD56D167262C7 /* SportsMRIAcademy.app */ = {isa = PBXFileReference; includeInIndex = 0; lastKnownFileType = wrapper.application; path = SportsMRIAcademy.app; sourceTree = BUILT_PRODUCTS_DIR; };
		B7E89C5F3F4009A7D64D5FDD /* SportsMRIAcademy.entitlements */ = {isa = PBXFileReference; lastKnownFileType = text.plist.entitlements; path = SportsMRIAcademy.entitlements; sourceTree = "<group>"; };
		D70081043F98CD4761AB47D0 /* Assets.xcassets */ = {isa = PBXFileReference; lastKnownFileType = folder.assetcatalog; path = Assets.xcassets; sourceTree = "<group>"; };
		ED51C62E523B2BF517D1DB5C /* PrivacyInfo.xcprivacy */ = {isa = PBXFileReference; path = PrivacyInfo.xcprivacy; sourceTree = "<group>"; };
/* End PBXFileReference section */

/* Begin PBXGroup section */
		0897E916022CE550A9F1B23E = {
			isa = PBXGroup;
			children = (
				8C4DCEEE23335AD646777FBE /* SportsMRIAcademy */,
				E0122F9F6A8CA263683900E8 /* Products */,
			);
			sourceTree = "<group>";
		};
		8C4DCEEE23335AD646777FBE /* SportsMRIAcademy */ = {
			isa = PBXGroup;
			children = (
				D70081043F98CD4761AB47D0 /* Assets.xcassets */,
				0D3AB3DC20EA16461ECF07B4 /* Info.plist */,
				ED51C62E523B2BF517D1DB5C /* PrivacyInfo.xcprivacy */,
				B7E89C5F3F4009A7D64D5FDD /* SportsMRIAcademy.entitlements */,
				3156D273EB47593D52E37E73 /* SportsMRIAcademyApp.swift */,
				076F8D3E639044F8EF633FE0 /* WebShellView.swift */,
			);
			path = SportsMRIAcademy;
			sourceTree = "<group>";
		};
		E0122F9F6A8CA263683900E8 /* Products */ = {
			isa = PBXGroup;
			children = (
				8955824E060FD56D167262C7 /* SportsMRIAcademy.app */,
			);
			name = Products;
			sourceTree = "<group>";
		};
/* End PBXGroup section */

/* Begin PBXNativeTarget section */
		306C3470832B1F215D2CE7F1 /* SportsMRIAcademy */ = {
			isa = PBXNativeTarget;
			buildConfigurationList = 3F790BC24BB4268A085CADDA /* Build configuration list for PBXNativeTarget "SportsMRIAcademy" */;
			buildPhases = (
				C87EE90039596CC88D5933E9 /* Sources */,
				8EF7E880E83CB030303EE992 /* Resources */,
			);
			buildRules = (
			);
			dependencies = (
			);
			name = SportsMRIAcademy;
			packageProductDependencies = (
			);
			productName = SportsMRIAcademy;
			productReference = 8955824E060FD56D167262C7 /* SportsMRIAcademy.app */;
			productType = "com.apple.product-type.application";
		};
/* End PBXNativeTarget section */

/* Begin PBXProject section */
		37EF005D18D6FA8E250CD52D /* Project object */ = {
			isa = PBXProject;
			attributes = {
				BuildIndependentTargetsInParallel = YES;
				LastUpgradeCheck = 1430;
				TargetAttributes = {
					306C3470832B1F215D2CE7F1 = {
						DevelopmentTeam = X578T4K65B;
						ProvisioningStyle = Automatic;
					};
				};
			};
			buildConfigurationList = CDCD608689C159CE881D877A /* Build configuration list for PBXProject "SportsMRIAcademy" */;
			developmentRegion = en;
			hasScannedForEncodings = 0;
			knownRegions = (
				Base,
				en,
			);
			mainGroup = 0897E916022CE550A9F1B23E;
			minimizedProjectReferenceProxies = 1;
			preferredProjectObjectVersion = 77;
			productRefGroup = E0122F9F6A8CA263683900E8 /* Products */;
			projectDirPath = "";
			projectRoot = "";
			targets = (
				306C3470832B1F215D2CE7F1 /* SportsMRIAcademy */,
			);
		};
/* End PBXProject section */

/* Begin PBXResourcesBuildPhase section */
		8EF7E880E83CB030303EE992 /* Resources */ = {
			isa = PBXResourcesBuildPhase;
			buildActionMask = 2147483647;
			files = (
				FA5C567A26F8B79F8B0A3B00 /* Assets.xcassets in Resources */,
				8AD8B796A20D322DA4B838AE /* PrivacyInfo.xcprivacy in Resources */,
			);
			runOnlyForDeploymentPostprocessing = 0;
		};
/* End PBXResourcesBuildPhase section */

/* Begin PBXSourcesBuildPhase section */
		C87EE90039596CC88D5933E9 /* Sources */ = {
			isa = PBXSourcesBuildPhase;
			buildActionMask = 2147483647;
			files = (
				E3CD4D3BB21B757D4F6616EA /* SportsMRIAcademyApp.swift in Sources */,
				6032A88748B1612CAD7D7C2D /* WebShellView.swift in Sources */,
			);
			runOnlyForDeploymentPostprocessing = 0;
		};
/* End PBXSourcesBuildPhase section */

/* Begin XCBuildConfiguration section */
		87D283889D2A50AE2F0EEF12 /* Release */ = {
			isa = XCBuildConfiguration;
			buildSettings = {
				ALWAYS_SEARCH_USER_PATHS = NO;
				CLANG_ANALYZER_NONNULL = YES;
				CLANG_ANALYZER_NUMBER_OBJECT_CONVERSION = YES_AGGRESSIVE;
				CLANG_CXX_LANGUAGE_STANDARD = "gnu++14";
				CLANG_CXX_LIBRARY = "libc++";
				CLANG_ENABLE_MODULES = YES;
				CLANG_ENABLE_OBJC_ARC = YES;
				CLANG_ENABLE_OBJC_WEAK = YES;
				CLANG_WARN_BLOCK_CAPTURE_AUTORELEASING = YES;
				CLANG_WARN_BOOL_CONVERSION = YES;
				CLANG_WARN_COMMA = YES;
				CLANG_WARN_CONSTANT_CONVERSION = YES;
				CLANG_WARN_DEPRECATED_OBJC_IMPLEMENTATIONS = YES;
				CLANG_WARN_DIRECT_OBJC_ISA_USAGE = YES_ERROR;
				CLANG_WARN_DOCUMENTATION_COMMENTS = YES;
				CLANG_WARN_EMPTY_BODY = YES;
				CLANG_WARN_ENUM_CONVERSION = YES;
				CLANG_WARN_INFINITE_RECURSION = YES;
				CLANG_WARN_INT_CONVERSION = YES;
				CLANG_WARN_NON_LITERAL_NULL_CONVERSION = YES;
				CLANG_WARN_OBJC_IMPLICIT_RETAIN_SELF = YES;
				CLANG_WARN_OBJC_LITERAL_CONVERSION = YES;
				CLANG_WARN_OBJC_ROOT_CLASS = YES_ERROR;
				CLANG_WARN_QUOTED_INCLUDE_IN_FRAMEWORK_HEADER = YES;
				CLANG_WARN_RANGE_LOOP_ANALYSIS = YES;
				CLANG_WARN_STRICT_PROTOTYPES = YES;
				CLANG_WARN_SUSPICIOUS_MOVE = YES;
				CLANG_WARN_UNGUARDED_AVAILABILITY = YES_AGGRESSIVE;
				CLANG_WARN_UNREACHABLE_CODE = YES;
				CLANG_WARN__DUPLICATE_METHOD_MATCH = YES;
				COPY_PHASE_STRIP = NO;
				CURRENT_PROJECT_VERSION = 1;
				DEBUG_INFORMATION_FORMAT = "dwarf-with-dsym";
				ENABLE_NS_ASSERTIONS = NO;
				ENABLE_STRICT_OBJC_MSGSEND = YES;
				GCC_C_LANGUAGE_STANDARD = gnu11;
				GCC_NO_COMMON_BLOCKS = YES;
				GCC_WARN_64_TO_32_BIT_CONVERSION = YES;
				GCC_WARN_ABOUT_RETURN_TYPE = YES_ERROR;
				GCC_WARN_UNDECLARED_SELECTOR = YES;
				GCC_WARN_UNINITIALIZED_AUTOS = YES_AGGRESSIVE;
				GCC_WARN_UNUSED_FUNCTION = YES;
				GCC_WARN_UNUSED_VARIABLE = YES;
				IPHONEOS_DEPLOYMENT_TARGET = 16.0;
				MARKETING_VERSION = 1.0;
				MTL_ENABLE_DEBUG_INFO = NO;
				MTL_FAST_MATH = YES;
				PRODUCT_NAME = "$(TARGET_NAME)";
				SDKROOT = iphoneos;
				SWIFT_COMPILATION_MODE = wholemodule;
				SWIFT_OPTIMIZATION_LEVEL = "-O";
				SWIFT_VERSION = 5.9;
			};
			name = Release;
		};
		88E0612F41672AA8F8B7A3E6 /* Debug */ = {
			isa = XCBuildConfiguration;
			buildSettings = {
				ALWAYS_SEARCH_USER_PATHS = NO;
				CLANG_ANALYZER_NONNULL = YES;
				CLANG_ANALYZER_NUMBER_OBJECT_CONVERSION = YES_AGGRESSIVE;
				CLANG_CXX_LANGUAGE_STANDARD = "gnu++14";
				CLANG_CXX_LIBRARY = "libc++";
				CLANG_ENABLE_MODULES = YES;
				CLANG_ENABLE_OBJC_ARC = YES;
				CLANG_ENABLE_OBJC_WEAK = YES;
				CLANG_WARN_BLOCK_CAPTURE_AUTORELEASING = YES;
				CLANG_WARN_BOOL_CONVERSION = YES;
				CLANG_WARN_COMMA = YES;
				CLANG_WARN_CONSTANT_CONVERSION = YES;
				CLANG_WARN_DEPRECATED_OBJC_IMPLEMENTATIONS = YES;
				CLANG_WARN_DIRECT_OBJC_ISA_USAGE = YES_ERROR;
				CLANG_WARN_DOCUMENTATION_COMMENTS = YES;
				CLANG_WARN_EMPTY_BODY = YES;
				CLANG_WARN_ENUM_CONVERSION = YES;
				CLANG_WARN_INFINITE_RECURSION = YES;
				CLANG_WARN_INT_CONVERSION = YES;
				CLANG_WARN_NON_LITERAL_NULL_CONVERSION = YES;
				CLANG_WARN_OBJC_IMPLICIT_RETAIN_SELF = YES;
				CLANG_WARN_OBJC_LITERAL_CONVERSION = YES;
				CLANG_WARN_OBJC_ROOT_CLASS = YES_ERROR;
				CLANG_WARN_QUOTED_INCLUDE_IN_FRAMEWORK_HEADER = YES;
				CLANG_WARN_RANGE_LOOP_ANALYSIS = YES;
				CLANG_WARN_STRICT_PROTOTYPES = YES;
				CLANG_WARN_SUSPICIOUS_MOVE = YES;
				CLANG_WARN_UNGUARDED_AVAILABILITY = YES_AGGRESSIVE;
				CLANG_WARN_UNREACHABLE_CODE = YES;
				CLANG_WARN__DUPLICATE_METHOD_MATCH = YES;
				COPY_PHASE_STRIP = NO;
				CURRENT_PROJECT_VERSION = 1;
				DEBUG_INFORMATION_FORMAT = dwarf;
				ENABLE_STRICT_OBJC_MSGSEND = YES;
				ENABLE_TESTABILITY = YES;
				GCC_C_LANGUAGE_STANDARD = gnu11;
				GCC_DYNAMIC_NO_PIC = NO;
				GCC_NO_COMMON_BLOCKS = YES;
				GCC_OPTIMIZATION_LEVEL = 0;
				GCC_PREPROCESSOR_DEFINITIONS = (
					"$(inherited)",
					"DEBUG=1",
				);
				GCC_WARN_64_TO_32_BIT_CONVERSION = YES;
				GCC_WARN_ABOUT_RETURN_TYPE = YES_ERROR;
				GCC_WARN_UNDECLARED_SELECTOR = YES;
				GCC_WARN_UNINITIALIZED_AUTOS = YES_AGGRESSIVE;
				GCC_WARN_UNUSED_FUNCTION = YES;
				GCC_WARN_UNUSED_VARIABLE = YES;
				IPHONEOS_DEPLOYMENT_TARGET = 16.0;
				MARKETING_VERSION = 1.0;
				MTL_ENABLE_DEBUG_INFO = INCLUDE_SOURCE;
				MTL_FAST_MATH = YES;
				ONLY_ACTIVE_ARCH = YES;
				PRODUCT_NAME = "$(TARGET_NAME)";
				SDKROOT = iphoneos;
				SWIFT_ACTIVE_COMPILATION_CONDITIONS = DEBUG;
				SWIFT_OPTIMIZATION_LEVEL = "-Onone";
				SWIFT_VERSION = 5.9;
			};
			name = Debug;
		};
		94119672D6A214B49B04DE02 /* Debug */ = {
			isa = XCBuildConfiguration;
			buildSettings = {
				ASSETCATALOG_COMPILER_APPICON_NAME = AppIcon;
				CODE_SIGN_ENTITLEMENTS = SportsMRIAcademy/SportsMRIAcademy.entitlements;
				CODE_SIGN_IDENTITY = "iPhone Developer";
				CODE_SIGN_STYLE = Automatic;
				DEVELOPMENT_TEAM = X578T4K65B;
				GENERATE_INFOPLIST_FILE = NO;
				INFOPLIST_FILE = SportsMRIAcademy/Info.plist;
				IPHONEOS_DEPLOYMENT_TARGET = 16.0;
				LD_RUNPATH_SEARCH_PATHS = (
					"$(inherited)",
					"@executable_path/Frameworks",
				);
				PRODUCT_BUNDLE_IDENTIFIER = com.jeremyswisher.sportsmriacademy;
				PRODUCT_NAME = "Sports MRI Academy";
				SDKROOT = iphoneos;
				TARGETED_DEVICE_FAMILY = "1,2";
			};
			name = Debug;
		};
		C3E055DC5639CC23AC660283 /* Release */ = {
			isa = XCBuildConfiguration;
			buildSettings = {
				ASSETCATALOG_COMPILER_APPICON_NAME = AppIcon;
				CODE_SIGN_ENTITLEMENTS = SportsMRIAcademy/SportsMRIAcademy.entitlements;
				CODE_SIGN_IDENTITY = "iPhone Developer";
				CODE_SIGN_STYLE = Automatic;
				DEVELOPMENT_TEAM = X578T4K65B;
				GENERATE_INFOPLIST_FILE = NO;
				INFOPLIST_FILE = SportsMRIAcademy/Info.plist;
				IPHONEOS_DEPLOYMENT_TARGET = 16.0;
				LD_RUNPATH_SEARCH_PATHS = (
					"$(inherited)",
					"@executable_path/Frameworks",
				);
				PRODUCT_BUNDLE_IDENTIFIER = com.jeremyswisher.sportsmriacademy;
				PRODUCT_NAME = "Sports MRI Academy";
				SDKROOT = iphoneos;
				TARGETED_DEVICE_FAMILY = "1,2";
			};
			name = Release;
		};
/* End XCBuildConfiguration section */

/* Begin XCConfigurationList section */
		3F790BC24BB4268A085CADDA /* Build configuration list for PBXNativeTarget "SportsMRIAcademy" */ = {
			isa = XCConfigurationList;
			buildConfigurations = (
				94119672D6A214B49B04DE02 /* Debug */,
				C3E055DC5639CC23AC660283 /* Release */,
			);
			defaultConfigurationIsVisible = 0;
			defaultConfigurationName = Debug;
		};
		CDCD608689C159CE881D877A /* Build configuration list for PBXProject "SportsMRIAcademy" */ = {
			isa = XCConfigurationList;
			buildConfigurations = (
				88E0612F41672AA8F8B7A3E6 /* Debug */,
				87D283889D2A50AE2F0EEF12 /* Release */,
			);
			defaultConfigurationIsVisible = 0;
			defaultConfigurationName = Debug;
		};
/* End XCConfigurationList section */
	};
	rootObject = 37EF005D18D6FA8E250CD52D /* Project object */;
}
